
Microsoft Visual Studio Solution File, Format Version 12.00
# Visual Studio Version 17
VisualStudioVersion = 17.13.35931.197
MinimumVisualStudioVersion = 10.0.40219.1
Project("{FAE04EC0-301F-11D3-BF4B-00C04F79EFBC}") = "EstudosRedisRabbitMq.RabbitMq.Producer", "EstudosRedisRabbitMq.RabbitMq.Producer\EstudosRedisRabbitMq.RabbitMq.Producer.csproj", "{6C8925BD-FDB3-4F61-8508-4B0931C8A5D7}"
EndProject
Project("{FAE04EC0-301F-11D3-BF4B-00C04F79EFBC}") = "EstudosRedisRabbitMq.Redis", "EstudosRedisRabbitMq.RabbitMq.Redis\EstudosRedisRabbitMq.Redis.csproj", "{A1509361-8AC1-100B-30B0-69288681C16C}"
EndProject
Project("{FAE04EC0-301F-11D3-BF4B-00C04F79EFBC}") = "EstudosRedisRabbitMq.RabbitMq.Consumer", "EstudosRedisRabbitMq.Consumer\EstudosRedisRabbitMq.RabbitMq.Consumer.csproj", "{6E343302-10D4-4008-A517-630943E251AA}"
EndProject
Global
	GlobalSection(SolutionConfigurationPlatforms) = preSolution
		Debug|Any CPU = Debug|Any CPU
		Release|Any CPU = Release|Any CPU
	EndGlobalSection
	GlobalSection(ProjectConfigurationPlatforms) = postSolution
		{6C8925BD-FDB3-4F61-8508-4B0931C8A5D7}.Debug|Any CPU.ActiveCfg = Debug|Any CPU
		{6C8925BD-FDB3-4F61-8508-4B0931C8A5D7}.Debug|Any CPU.Build.0 = Debug|Any CPU
		{6C8925BD-FDB3-4F61-8508-4B0931C8A5D7}.Release|Any CPU.ActiveCfg = Release|Any CPU
		{6C8925BD-FDB3-4F61-8508-4B0931C8A5D7}.Release|Any CPU.Build.0 = Release|Any CPU
		{A1509361-8AC1-100B-30B0-69288681C16C}.Debug|Any CPU.ActiveCfg = Debug|Any CPU
		{A1509361-8AC1-100B-30B0-69288681C16C}.Debug|Any CPU.Build.0 = Debug|Any CPU
		{A1509361-8AC1-100B-30B0-69288681C16C}.Release|Any CPU.ActiveCfg = Release|Any CPU
		{A1509361-8AC1-100B-30B0-69288681C16C}.Release|Any CPU.Build.0 = Release|Any CPU
		{6E343302-10D4-4008-A517-630943E251AA}.Debug|Any CPU.ActiveCfg = Debug|Any CPU
		{6E343302-10D4-4008-A517-630943E251AA}.Debug|Any CPU.Build.0 = Debug|Any CPU
		{6E343302-10D4-4008-A517-630943E251AA}.Release|Any CPU.ActiveCfg = Release|Any CPU
		{6E343302-10D4-4008-A517-630943E251AA}.Release|Any CPU.Build.0 = Release|Any CPU
	EndGlobalSection
	GlobalSection(SolutionProperties) = preSolution
		HideSolutionNode = FALSE
	EndGlobalSection
	GlobalSection(ExtensibilityGlobals) = postSolution
		SolutionGuid = {FA3EB636-D9A4-44E1-8E6D-821F54B3A839}
	EndGlobalSection
EndGlobal
